
Microsoft Visual Studio Solution File, Format Version 12.00
# Visual Studio Version 17
VisualStudioVersion = 17.5.33516.290
MinimumVisualStudioVersion = 10.0.40219.1
Project("{FAE04EC0-301F-11D3-BF4B-00C04F79EFBC}") = "BlazorFileUploadJWT.Server", "BlazorFileUploadJWT\Server\BlazorFileUploadJWT.Server.csproj", "{D3CE60B5-CC34-464E-B97B-265A12037AA4}"
EndProject
Project("{FAE04EC0-301F-11D3-BF4B-00C04F79EFBC}") = "BlazorFileUploadJWT.Client", "BlazorFileUploadJWT\Client\BlazorFileUploadJWT.Client.csproj", "{36721C0B-A9F3-46CD-B7EF-2E78163EFCA2}"
EndProject
Project("{FAE04EC0-301F-11D3-BF4B-00C04F79EFBC}") = "BlazorFileUploadJWT.Shared", "BlazorFileUploadJWT\Shared\BlazorFileUploadJWT.Shared.csproj", "{837E2B9F-016F-4105-9AC8-D7B4EB8BECDA}"
EndProject
Global
	GlobalSection(SolutionConfigurationPlatforms) = preSolution
		Debug|Any CPU = Debug|Any CPU
		Release|Any CPU = Release|Any CPU
	EndGlobalSection
	GlobalSection(ProjectConfigurationPlatforms) = postSolution
		{D3CE60B5-CC34-464E-B97B-265A12037AA4}.Debug|Any CPU.ActiveCfg = Debug|Any CPU
		{D3CE60B5-CC34-464E-B97B-265A12037AA4}.Debug|Any CPU.Build.0 = Debug|Any CPU
		{D3CE60B5-CC34-464E-B97B-265A12037AA4}.Release|Any CPU.ActiveCfg = Release|Any CPU
		{D3CE60B5-CC34-464E-B97B-265A12037AA4}.Release|Any CPU.Build.0 = Release|Any CPU
		{36721C0B-A9F3-46CD-B7EF-2E78163EFCA2}.Debug|Any CPU.ActiveCfg = Debug|Any CPU
		{36721C0B-A9F3-46CD-B7EF-2E78163EFCA2}.Debug|Any CPU.Build.0 = Debug|Any CPU
		{36721C0B-A9F3-46CD-B7EF-2E78163EFCA2}.Release|Any CPU.ActiveCfg = Release|Any CPU
		{36721C0B-A9F3-46CD-B7EF-2E78163EFCA2}.Release|Any CPU.Build.0 = Release|Any CPU
		{837E2B9F-016F-4105-9AC8-D7B4EB8BECDA}.Debug|Any CPU.ActiveCfg = Debug|Any CPU
		{837E2B9F-016F-4105-9AC8-D7B4EB8BECDA}.Debug|Any CPU.Build.0 = Debug|Any CPU
		{837E2B9F-016F-4105-9AC8-D7B4EB8BECDA}.Release|Any CPU.ActiveCfg = Release|Any CPU
		{837E2B9F-016F-4105-9AC8-D7B4EB8BECDA}.Release|Any CPU.Build.0 = Release|Any CPU
	EndGlobalSection
	GlobalSection(SolutionProperties) = preSolution
		HideSolutionNode = FALSE
	EndGlobalSection
	GlobalSection(ExtensibilityGlobals) = postSolution
		SolutionGuid = {7DDD89F5-160D-4FBB-A2BE-0425AAD229B1}
	EndGlobalSection
EndGlobal
